
Microsoft Visual Studio Solution File, Format Version 12.00
# Visual Studio Version 17
VisualStudioVersion = 17.12.35521.163
MinimumVisualStudioVersion = 10.0.40219.1
Project("{FAE04EC0-301F-11D3-BF4B-00C04F79EFBC}") = "Portfolio", "Portfolio\Portfolio.csproj", "{6788A100-69CC-4672-8C1C-5753C1C20192}"
EndProject
Project("{FAE04EC0-301F-11D3-BF4B-00C04F79EFBC}") = "Portfolio.Test", "Portfolio.Test\Portfolio.Test.csproj", "{DDA08376-6D2B-49A4-83E2-8AA9DB3D6A33}"
EndProject
Project("{FAE04EC0-301F-11D3-BF4B-00C04F79EFBC}") = "Portfolio.API", "Portfolio.API\Portfolio.API.csproj", "{A8F59D79-45C7-4943-8954-DC3DD4A93CCA}"
EndProject
Project("{FAE04EC0-301F-11D3-BF4B-00C04F79EFBC}") = "Portfolio.API.Domain", "Portfolio.API.Domain\Portfolio.API.Domain.csproj", "{7852508C-0A4F-4891-9901-B7F0F4630347}"
EndProject
Project("{FAE04EC0-301F-11D3-BF4B-00C04F79EFBC}") = "Portfolio.API.DataAccess", "Portfolio.API.DataAccess\Portfolio.API.DataAccess.csproj", "{2E415A8B-ECBE-4A59-8303-7ACC58732BDE}"
EndProject
Project("{FAE04EC0-301F-11D3-BF4B-00C04F79EFBC}") = "Portfolio.API.DataAccess.SQLite", "Portfolio.API.DataAccess.SQLite\Portfolio.API.DataAccess.SQLite.csproj", "{92D3A970-9068-4292-8205-FF3E1F7A2BF1}"
EndProject
Project("{FAE04EC0-301F-11D3-BF4B-00C04F79EFBC}") = "Portfolio.API.AppLogic", "Portfolio.API.AppLogic\Portfolio.API.AppLogic.csproj", "{EAFA532E-DFBA-4F04-86F8-FFAAF6E0D89D}"
EndProject
Project("{FAE04EC0-301F-11D3-BF4B-00C04F79EFBC}") = "Portfolio.API.DataAccess.SQLServer", "Portfolio.API.DataAccess.SQLServer\Portfolio.API.DataAccess.SQLServer.csproj", "{DF2C2B59-3BFF-4147-B341-F22363073E8C}"
EndProject
Project("{2150E333-8FDC-42A3-9474-1A3956D46DE8}") = "Tests", "Tests", "{973F41D2-EC01-4E73-AE8D-994ABA270C1E}"
EndProject
Project("{FAE04EC0-301F-11D3-BF4B-00C04F79EFBC}") = "Portfolio.API.DataAccess.Test", "Portfolio.API.DataAccess.Tests\Portfolio.API.DataAccess.Test.csproj", "{3703BBDA-C9FA-47AD-9B43-9F413E7128FE}"
EndProject
Project("{FAE04EC0-301F-11D3-BF4B-00C04F79EFBC}") = "Portfolio.API.AppLogic.Test", "Portfolio.API.AppLogic.Test\Portfolio.API.AppLogic.Test.csproj", "{FBD65897-7C69-41CC-BE0B-9FDB1D7BADDC}"
EndProject
Project("{FAE04EC0-301F-11D3-BF4B-00C04F79EFBC}") = "Shared", "Shared\Shared.csproj", "{D9EE4A6A-B37D-4499-BA2E-5A59E424FA8E}"
EndProject
Project("{FAE04EC0-301F-11D3-BF4B-00C04F79EFBC}") = "Shared.Test", "Shared.Test\Shared.Test.csproj", "{0D97FBA3-E6B9-4C9D-B46D-6FC5BAAB5F67}"
EndProject
Global
	GlobalSection(SolutionConfigurationPlatforms) = preSolution
		Debug|Any CPU = Debug|Any CPU
		Release|Any CPU = Release|Any CPU
	EndGlobalSection
	GlobalSection(ProjectConfigurationPlatforms) = postSolution
		{6788A100-69CC-4672-8C1C-5753C1C20192}.Debug|Any CPU.ActiveCfg = Debug|Any CPU
		{6788A100-69CC-4672-8C1C-5753C1C20192}.Debug|Any CPU.Build.0 = Debug|Any CPU
		{6788A100-69CC-4672-8C1C-5753C1C20192}.Release|Any CPU.ActiveCfg = Release|Any CPU
		{6788A100-69CC-4672-8C1C-5753C1C20192}.Release|Any CPU.Build.0 = Release|Any CPU
		{DDA08376-6D2B-49A4-83E2-8AA9DB3D6A33}.Debug|Any CPU.ActiveCfg = Debug|Any CPU
		{DDA08376-6D2B-49A4-83E2-8AA9DB3D6A33}.Debug|Any CPU.Build.0 = Debug|Any CPU
		{DDA08376-6D2B-49A4-83E2-8AA9DB3D6A33}.Release|Any CPU.ActiveCfg = Release|Any CPU
		{DDA08376-6D2B-49A4-83E2-8AA9DB3D6A33}.Release|Any CPU.Build.0 = Release|Any CPU
		{A8F59D79-45C7-4943-8954-DC3DD4A93CCA}.Debug|Any CPU.ActiveCfg = Debug|Any CPU
		{A8F59D79-45C7-4943-8954-DC3DD4A93CCA}.Debug|Any CPU.Build.0 = Debug|Any CPU
		{A8F59D79-45C7-4943-8954-DC3DD4A93CCA}.Release|Any CPU.ActiveCfg = Release|Any CPU
		{A8F59D79-45C7-4943-8954-DC3DD4A93CCA}.Release|Any CPU.Build.0 = Release|Any CPU
		{7852508C-0A4F-4891-9901-B7F0F4630347}.Debug|Any CPU.ActiveCfg = Debug|Any CPU
		{7852508C-0A4F-4891-9901-B7F0F4630347}.Debug|Any CPU.Build.0 = Debug|Any CPU
		{7852508C-0A4F-4891-9901-B7F0F4630347}.Release|Any CPU.ActiveCfg = Release|Any CPU
		{7852508C-0A4F-4891-9901-B7F0F4630347}.Release|Any CPU.Build.0 = Release|Any CPU
		{2E415A8B-ECBE-4A59-8303-7ACC58732BDE}.Debug|Any CPU.ActiveCfg = Debug|Any CPU
		{2E415A8B-ECBE-4A59-8303-7ACC58732BDE}.Debug|Any CPU.Build.0 = Debug|Any CPU
		{2E415A8B-ECBE-4A59-8303-7ACC58732BDE}.Release|Any CPU.ActiveCfg = Release|Any CPU
		{2E415A8B-ECBE-4A59-8303-7ACC58732BDE}.Release|Any CPU.Build.0 = Release|Any CPU
		{92D3A970-9068-4292-8205-FF3E1F7A2BF1}.Debug|Any CPU.ActiveCfg = Debug|Any CPU
		{92D3A970-9068-4292-8205-FF3E1F7A2BF1}.Debug|Any CPU.Build.0 = Debug|Any CPU
		{92D3A970-9068-4292-8205-FF3E1F7A2BF1}.Release|Any CPU.ActiveCfg = Release|Any CPU
		{92D3A970-9068-4292-8205-FF3E1F7A2BF1}.Release|Any CPU.Build.0 = Release|Any CPU
		{EAFA532E-DFBA-4F04-86F8-FFAAF6E0D89D}.Debug|Any CPU.ActiveCfg = Debug|Any CPU
		{EAFA532E-DFBA-4F04-86F8-FFAAF6E0D89D}.Debug|Any CPU.Build.0 = Debug|Any CPU
		{EAFA532E-DFBA-4F04-86F8-FFAAF6E0D89D}.Release|Any CPU.ActiveCfg = Release|Any CPU
		{EAFA532E-DFBA-4F04-86F8-FFAAF6E0D89D}.Release|Any CPU.Build.0 = Release|Any CPU
		{DF2C2B59-3BFF-4147-B341-F22363073E8C}.Debug|Any CPU.ActiveCfg = Debug|Any CPU
		{DF2C2B59-3BFF-4147-B341-F22363073E8C}.Debug|Any CPU.Build.0 = Debug|Any CPU
		{DF2C2B59-3BFF-4147-B341-F22363073E8C}.Release|Any CPU.ActiveCfg = Release|Any CPU
		{DF2C2B59-3BFF-4147-B341-F22363073E8C}.Release|Any CPU.Build.0 = Release|Any CPU
		{3703BBDA-C9FA-47AD-9B43-9F413E7128FE}.Debug|Any CPU.ActiveCfg = Debug|Any CPU
		{3703BBDA-C9FA-47AD-9B43-9F413E7128FE}.Debug|Any CPU.Build.0 = Debug|Any CPU
		{3703BBDA-C9FA-47AD-9B43-9F413E7128FE}.Release|Any CPU.ActiveCfg = Release|Any CPU
		{3703BBDA-C9FA-47AD-9B43-9F413E7128FE}.Release|Any CPU.Build.0 = Release|Any CPU
		{FBD65897-7C69-41CC-BE0B-9FDB1D7BADDC}.Debug|Any CPU.ActiveCfg = Debug|Any CPU
		{FBD65897-7C69-41CC-BE0B-9FDB1D7BADDC}.Debug|Any CPU.Build.0 = Debug|Any CPU
		{FBD65897-7C69-41CC-BE0B-9FDB1D7BADDC}.Release|Any CPU.ActiveCfg = Release|Any CPU
		{FBD65897-7C69-41CC-BE0B-9FDB1D7BADDC}.Release|Any CPU.Build.0 = Release|Any CPU
		{D9EE4A6A-B37D-4499-BA2E-5A59E424FA8E}.Debug|Any CPU.ActiveCfg = Debug|Any CPU
		{D9EE4A6A-B37D-4499-BA2E-5A59E424FA8E}.Debug|Any CPU.Build.0 = Debug|Any CPU
		{D9EE4A6A-B37D-4499-BA2E-5A59E424FA8E}.Release|Any CPU.ActiveCfg = Release|Any CPU
		{D9EE4A6A-B37D-4499-BA2E-5A59E424FA8E}.Release|Any CPU.Build.0 = Release|Any CPU
		{0D97FBA3-E6B9-4C9D-B46D-6FC5BAAB5F67}.Debug|Any CPU.ActiveCfg = Debug|Any CPU
		{0D97FBA3-E6B9-4C9D-B46D-6FC5BAAB5F67}.Debug|Any CPU.Build.0 = Debug|Any CPU
		{0D97FBA3-E6B9-4C9D-B46D-6FC5BAAB5F67}.Release|Any CPU.ActiveCfg = Release|Any CPU
		{0D97FBA3-E6B9-4C9D-B46D-6FC5BAAB5F67}.Release|Any CPU.Build.0 = Release|Any CPU
	EndGlobalSection
	GlobalSection(SolutionProperties) = preSolution
		HideSolutionNode = FALSE
	EndGlobalSection
	GlobalSection(NestedProjects) = preSolution
		{DDA08376-6D2B-49A4-83E2-8AA9DB3D6A33} = {973F41D2-EC01-4E73-AE8D-994ABA270C1E}
		{3703BBDA-C9FA-47AD-9B43-9F413E7128FE} = {973F41D2-EC01-4E73-AE8D-994ABA270C1E}
		{FBD65897-7C69-41CC-BE0B-9FDB1D7BADDC} = {973F41D2-EC01-4E73-AE8D-994ABA270C1E}
		{0D97FBA3-E6B9-4C9D-B46D-6FC5BAAB5F67} = {973F41D2-EC01-4E73-AE8D-994ABA270C1E}
	EndGlobalSection
EndGlobal
